{
  "name": "mono-diagram-skill",
  "version": "1.2.0",
  "lockfileVersion": 3,
  "requires": true,
  "packages": {
    "": {
      "name": "mono-diagram-skill",
      "version": "1.2.0",
      "license": "MIT",
      "devDependencies": {
        "@mermaid-js/mermaid-cli": "10.9.1",
        "sharp-cli": "4.2.0"
      },
      "engines": {
        "node": ">=18"
      }
    }
  }
}
